
Microsoft Visual Studio Solution File, Format Version 12.00
# Visual Studio Version 17
VisualStudioVersion = 17.10.35122.118
MinimumVisualStudioVersion = 10.0.40219.1
Project("{FAE04EC0-301F-11D3-BF4B-00C04F79EFBC}") = "Reddit", "Reddit\Reddit.csproj", "{7FCF8A29-889D-49A0-8D83-E3371D4C644D}"
EndProject
Global
	GlobalSection(SolutionConfigurationPlatforms) = preSolution
		Debug|Any CPU = Debug|Any CPU
		Release|Any CPU = Release|Any CPU
	EndGlobalSection
	GlobalSection(ProjectConfigurationPlatforms) = postSolution
		{7FCF8A29-889D-49A0-8D83-E3371D4C644D}.Debug|Any CPU.ActiveCfg = Debug|Any CPU
		{7FCF8A29-889D-49A0-8D83-E3371D4C644D}.Debug|Any CPU.Build.0 = Debug|Any CPU
		{7FCF8A29-889D-49A0-8D83-E3371D4C644D}.Release|Any CPU.ActiveCfg = Release|Any CPU
		{7FCF8A29-889D-49A0-8D83-E3371D4C644D}.Release|Any CPU.Build.0 = Release|Any CPU
	EndGlobalSection
	GlobalSection(SolutionProperties) = preSolution
		HideSolutionNode = FALSE
	EndGlobalSection
	GlobalSection(ExtensibilityGlobals) = postSolution
		SolutionGuid = {312B3A93-4F65-473B-9BF6-14C480165577}
	EndGlobalSection
EndGlobal
